
Microsoft Visual Studio Solution File, Format Version 12.00
# Visual Studio Version 17
VisualStudioVersion = 17.0.31903.59
MinimumVisualStudioVersion = 10.0.40219.1
Project("{9A19103F-16F7-4668-BE54-9A1E7A4F7556}") = "rabbitmq-dotnet", "src\api\rabbitmq-dotnet.csproj", "{4939F941-4FBF-45A5-BB57-3222E3035D58}"
EndProject
Project("{9A19103F-16F7-4668-BE54-9A1E7A4F7556}") = "rabbitmq-dotnet-integration-tests", "src\tests\rabbitmq-dotnet-integration-tests.csproj", "{477DAFD8-3E90-4337-8B11-6C9DE4272141}"
EndProject
Project("{9A19103F-16F7-4668-BE54-9A1E7A4F7556}") = "rabbitmq-dotnet-infrastructure", "src\infrastructure\rabbitmq-dotnet-infrastructure.csproj", "{A9F10175-53E0-4FBA-BCF1-F10EECBCBEE3}"
EndProject
Global
	GlobalSection(SolutionConfigurationPlatforms) = preSolution
		Debug|Any CPU = Debug|Any CPU
		Release|Any CPU = Release|Any CPU
	EndGlobalSection
	GlobalSection(ProjectConfigurationPlatforms) = postSolution
		{4939F941-4FBF-45A5-BB57-3222E3035D58}.Debug|Any CPU.ActiveCfg = Debug|Any CPU
		{4939F941-4FBF-45A5-BB57-3222E3035D58}.Debug|Any CPU.Build.0 = Debug|Any CPU
		{4939F941-4FBF-45A5-BB57-3222E3035D58}.Release|Any CPU.ActiveCfg = Release|Any CPU
		{4939F941-4FBF-45A5-BB57-3222E3035D58}.Release|Any CPU.Build.0 = Release|Any CPU
		{477DAFD8-3E90-4337-8B11-6C9DE4272141}.Debug|Any CPU.ActiveCfg = Debug|Any CPU
		{477DAFD8-3E90-4337-8B11-6C9DE4272141}.Debug|Any CPU.Build.0 = Debug|Any CPU
		{477DAFD8-3E90-4337-8B11-6C9DE4272141}.Release|Any CPU.ActiveCfg = Release|Any CPU
		{477DAFD8-3E90-4337-8B11-6C9DE4272141}.Release|Any CPU.Build.0 = Release|Any CPU
		{A9F10175-53E0-4FBA-BCF1-F10EECBCBEE3}.Debug|Any CPU.ActiveCfg = Debug|Any CPU
		{A9F10175-53E0-4FBA-BCF1-F10EECBCBEE3}.Debug|Any CPU.Build.0 = Debug|Any CPU
		{A9F10175-53E0-4FBA-BCF1-F10EECBCBEE3}.Release|Any CPU.ActiveCfg = Release|Any CPU
		{A9F10175-53E0-4FBA-BCF1-F10EECBCBEE3}.Release|Any CPU.Build.0 = Release|Any CPU
	EndGlobalSection
	GlobalSection(SolutionProperties) = preSolution
		HideSolutionNode = FALSE
	EndGlobalSection
	GlobalSection(ExtensibilityGlobals) = postSolution
		SolutionGuid = {333E2FB8-8C8B-4AF4-ABA2-DD3A1BDE8443}
	EndGlobalSection
EndGlobal
